
Microsoft Visual Studio Solution File, Format Version 12.00
# Visual Studio Version 17
VisualStudioVersion = 17.2.32526.322
MinimumVisualStudioVersion = 10.0.40219.1
Project("{9A19103F-16F7-4668-BE54-9A1E7A4F7556}") = "cursoCsharp", "ConsoleApp1\cursoCsharp.csproj", "{4E9BDCE9-4C11-480D-BC5A-4EE1E6CCBAED}"
EndProject
Project("{FAE04EC0-301F-11D3-BF4B-00C04F79EFBC}") = "Encapsulamento", "ClassLibrary1\Encapsulamento.csproj", "{05E7CBBE-0191-4934-8DBE-CEBE517C1B84}"
EndProject
Global
	GlobalSection(SolutionConfigurationPlatforms) = preSolution
		Debug|Any CPU = Debug|Any CPU
		Release|Any CPU = Release|Any CPU
	EndGlobalSection
	GlobalSection(ProjectConfigurationPlatforms) = postSolution
		{4E9BDCE9-4C11-480D-BC5A-4EE1E6CCBAED}.Debug|Any CPU.ActiveCfg = Debug|Any CPU
		{4E9BDCE9-4C11-480D-BC5A-4EE1E6CCBAED}.Debug|Any CPU.Build.0 = Debug|Any CPU
		{4E9BDCE9-4C11-480D-BC5A-4EE1E6CCBAED}.Release|Any CPU.ActiveCfg = Release|Any CPU
		{4E9BDCE9-4C11-480D-BC5A-4EE1E6CCBAED}.Release|Any CPU.Build.0 = Release|Any CPU
		{05E7CBBE-0191-4934-8DBE-CEBE517C1B84}.Debug|Any CPU.ActiveCfg = Debug|Any CPU
		{05E7CBBE-0191-4934-8DBE-CEBE517C1B84}.Debug|Any CPU.Build.0 = Debug|Any CPU
		{05E7CBBE-0191-4934-8DBE-CEBE517C1B84}.Release|Any CPU.ActiveCfg = Release|Any CPU
		{05E7CBBE-0191-4934-8DBE-CEBE517C1B84}.Release|Any CPU.Build.0 = Release|Any CPU
	EndGlobalSection
	GlobalSection(SolutionProperties) = preSolution
		HideSolutionNode = FALSE
	EndGlobalSection
	GlobalSection(ExtensibilityGlobals) = postSolution
		SolutionGuid = {AF6F3586-E0F3-4E37-8D99-B9C1DAF0D66F}
	EndGlobalSection
EndGlobal
