
Microsoft Visual Studio Solution File, Format Version 12.00
# Visual Studio Version 17
VisualStudioVersion = 17.8.34330.188
MinimumVisualStudioVersion = 10.0.40219.1
Project("{FAE04EC0-301F-11D3-BF4B-00C04F79EFBC}") = "EFCoreExampleConsoleApp", "ConsoleApp1\EFCoreExampleConsoleApp.csproj", "{AB0A1A28-2919-4368-B5C1-E5320A1CD66D}"
EndProject
Global
	GlobalSection(SolutionConfigurationPlatforms) = preSolution
		Debug|Any CPU = Debug|Any CPU
		Release|Any CPU = Release|Any CPU
	EndGlobalSection
	GlobalSection(ProjectConfigurationPlatforms) = postSolution
		{AB0A1A28-2919-4368-B5C1-E5320A1CD66D}.Debug|Any CPU.ActiveCfg = Debug|Any CPU
		{AB0A1A28-2919-4368-B5C1-E5320A1CD66D}.Debug|Any CPU.Build.0 = Debug|Any CPU
		{AB0A1A28-2919-4368-B5C1-E5320A1CD66D}.Release|Any CPU.ActiveCfg = Release|Any CPU
		{AB0A1A28-2919-4368-B5C1-E5320A1CD66D}.Release|Any CPU.Build.0 = Release|Any CPU
	EndGlobalSection
	GlobalSection(SolutionProperties) = preSolution
		HideSolutionNode = FALSE
	EndGlobalSection
	GlobalSection(ExtensibilityGlobals) = postSolution
		SolutionGuid = {788D3E05-5C0D-4CE8-A9ED-D6522820625B}
	EndGlobalSection
EndGlobal
